# THIS IS AN AUTOGENERATED FILE. DO NOT EDIT THIS FILE DIRECTLY.
# yarn lockfile v1


json-stringify-pretty-compact@^2.0.0:
  version "2.0.0"
  resolved "https://registry.yarnpkg.com/json-stringify-pretty-compact/-/json-stringify-pretty-compact-2.0.0.tgz#e77c419f52ff00c45a31f07f4c820c2433143885"
  integrity sha512-WRitRfs6BGq4q8gTgOy4ek7iPFXjbra0H3PmDLKm2xnZ+Gh1HUhiKGgCZkSPNULlP7mvfu6FV/mOLhCarspADQ==

stream-chain@^2.2.3:
  version "2.2.3"
  resolved "https://registry.yarnpkg.com/stream-chain/-/stream-chain-2.2.3.tgz#44cfa21ab673e53a3f1691b3d1665c3aceb1983b"
  integrity sha512-w+WgmCZ6BItPAD3/4HD1eDiDHRLhjSSyIV+F0kcmmRyz8Uv9hvQF22KyaiAUmOlmX3pJ6F95h+C191UbS8Oe/g==

stream-json@^1.7.0:
  version "1.7.0"
  resolved "https://registry.yarnpkg.com/stream-json/-/stream-json-1.7.0.tgz#11b3b29ad4bebf12431aae6774ed7bedef159807"
  integrity sha512-87hBUbTmlcxHWqDbG3WEBBzHJnIvGg7NXmTzyIH9PrXLFVxX6CukZvclG1XckeGUWQrtSALNEQYVt+UXSEVJBg==
  dependencies:
    stream-chain "^2.2.3"
